{
  "name": "kaanfiles",
  "version": "1.0.0",
  "lockfileVersion": 1,
  "requires": true,
  "dependencies": {
    "kaantypes": {
      "version": "1.0.0",
      "resolved": "https://registry.npmjs.org/kaantypes/-/kaantypes-1.0.0.tgz",
      "integrity": "sha512-kDa2UHbPsFept9GWnsypxl3RFF98zb0myI/LtxYrx8QSgAgT+ABbE0k/Lpfvzba4BU5IGNFOSyiq2rbBEiSe8w=="
    }
  }
}
